
Microsoft Visual Studio Solution File, Format Version 12.00
# Visual Studio Version 17
VisualStudioVersion = 17.13.35825.156 d17.13
MinimumVisualStudioVersion = 10.0.40219.1
Project("{FAE04EC0-301F-11D3-BF4B-00C04F79EFBC}") = "Lab_2", "Lab_2.csproj", "{B1CC1752-BC63-4877-8919-DA8DE20E8C2E}"
EndProject
Global
	GlobalSection(SolutionConfigurationPlatforms) = preSolution
		Debug|Any CPU = Debug|Any CPU
		Release|Any CPU = Release|Any CPU
	EndGlobalSection
	GlobalSection(ProjectConfigurationPlatforms) = postSolution
		{B1CC1752-BC63-4877-8919-DA8DE20E8C2E}.Debug|Any CPU.ActiveCfg = Debug|Any CPU
		{B1CC1752-BC63-4877-8919-DA8DE20E8C2E}.Debug|Any CPU.Build.0 = Debug|Any CPU
		{B1CC1752-BC63-4877-8919-DA8DE20E8C2E}.Release|Any CPU.ActiveCfg = Release|Any CPU
		{B1CC1752-BC63-4877-8919-DA8DE20E8C2E}.Release|Any CPU.Build.0 = Release|Any CPU
	EndGlobalSection
	GlobalSection(SolutionProperties) = preSolution
		HideSolutionNode = FALSE
	EndGlobalSection
	GlobalSection(ExtensibilityGlobals) = postSolution
		SolutionGuid = {1EE12A4B-4A9A-4D39-A9C4-1E4B2C23E220}
	EndGlobalSection
EndGlobal
