
Microsoft Visual Studio Solution File, Format Version 12.00
# Visual Studio Version 17
VisualStudioVersion = 17.13.35825.156 d17.13
MinimumVisualStudioVersion = 10.0.40219.1
Project("{FAE04EC0-301F-11D3-BF4B-00C04F79EFBC}") = "Lab_10", "Lab_10.csproj", "{CBB4730D-71B5-4600-B9B4-DC3E08A16883}"
EndProject
Global
	GlobalSection(SolutionConfigurationPlatforms) = preSolution
		Debug|Any CPU = Debug|Any CPU
		Release|Any CPU = Release|Any CPU
	EndGlobalSection
	GlobalSection(ProjectConfigurationPlatforms) = postSolution
		{CBB4730D-71B5-4600-B9B4-DC3E08A16883}.Debug|Any CPU.ActiveCfg = Debug|Any CPU
		{CBB4730D-71B5-4600-B9B4-DC3E08A16883}.Debug|Any CPU.Build.0 = Debug|Any CPU
		{CBB4730D-71B5-4600-B9B4-DC3E08A16883}.Release|Any CPU.ActiveCfg = Release|Any CPU
		{CBB4730D-71B5-4600-B9B4-DC3E08A16883}.Release|Any CPU.Build.0 = Release|Any CPU
	EndGlobalSection
	GlobalSection(SolutionProperties) = preSolution
		HideSolutionNode = FALSE
	EndGlobalSection
	GlobalSection(ExtensibilityGlobals) = postSolution
		SolutionGuid = {5D052E6D-A902-4804-85D7-40A02AEA3148}
	EndGlobalSection
EndGlobal
