
Microsoft Visual Studio Solution File, Format Version 12.00
# Visual Studio Version 17
VisualStudioVersion = 17.11.35208.52
MinimumVisualStudioVersion = 10.0.40219.1
Project("{8BC9CEB8-8B4A-11D0-8D11-00A0C91BC942}") = "Lab_5", "Lab_5.vcxproj", "{23A45773-9B5A-4767-BA08-6D7E072466D9}"
EndProject
Global
	GlobalSection(SolutionConfigurationPlatforms) = preSolution
		Debug|x64 = Debug|x64
		Debug|x86 = Debug|x86
		Release|x64 = Release|x64
		Release|x86 = Release|x86
	EndGlobalSection
	GlobalSection(ProjectConfigurationPlatforms) = postSolution
		{23A45773-9B5A-4767-BA08-6D7E072466D9}.Debug|x64.ActiveCfg = Debug|x64
		{23A45773-9B5A-4767-BA08-6D7E072466D9}.Debug|x64.Build.0 = Debug|x64
		{23A45773-9B5A-4767-BA08-6D7E072466D9}.Debug|x86.ActiveCfg = Debug|Win32
		{23A45773-9B5A-4767-BA08-6D7E072466D9}.Debug|x86.Build.0 = Debug|Win32
		{23A45773-9B5A-4767-BA08-6D7E072466D9}.Release|x64.ActiveCfg = Release|x64
		{23A45773-9B5A-4767-BA08-6D7E072466D9}.Release|x64.Build.0 = Release|x64
		{23A45773-9B5A-4767-BA08-6D7E072466D9}.Release|x86.ActiveCfg = Release|Win32
		{23A45773-9B5A-4767-BA08-6D7E072466D9}.Release|x86.Build.0 = Release|Win32
	EndGlobalSection
	GlobalSection(SolutionProperties) = preSolution
		HideSolutionNode = FALSE
	EndGlobalSection
	GlobalSection(ExtensibilityGlobals) = postSolution
		SolutionGuid = {8A54E907-0A83-4045-A874-17CB2A39884B}
	EndGlobalSection
EndGlobal
