
Microsoft Visual Studio Solution File, Format Version 12.00
# Visual Studio Version 17
VisualStudioVersion = 17.13.35825.156 d17.13
MinimumVisualStudioVersion = 10.0.40219.1
Project("{FAE04EC0-301F-11D3-BF4B-00C04F79EFBC}") = "Lab_6", "Lab_6.csproj", "{3EFED271-4C6A-4666-A605-E02A75B6F0CF}"
EndProject
Global
	GlobalSection(SolutionConfigurationPlatforms) = preSolution
		Debug|Any CPU = Debug|Any CPU
		Release|Any CPU = Release|Any CPU
	EndGlobalSection
	GlobalSection(ProjectConfigurationPlatforms) = postSolution
		{3EFED271-4C6A-4666-A605-E02A75B6F0CF}.Debug|Any CPU.ActiveCfg = Debug|Any CPU
		{3EFED271-4C6A-4666-A605-E02A75B6F0CF}.Debug|Any CPU.Build.0 = Debug|Any CPU
		{3EFED271-4C6A-4666-A605-E02A75B6F0CF}.Release|Any CPU.ActiveCfg = Release|Any CPU
		{3EFED271-4C6A-4666-A605-E02A75B6F0CF}.Release|Any CPU.Build.0 = Release|Any CPU
	EndGlobalSection
	GlobalSection(SolutionProperties) = preSolution
		HideSolutionNode = FALSE
	EndGlobalSection
	GlobalSection(ExtensibilityGlobals) = postSolution
		SolutionGuid = {E8395516-A47A-4847-A39A-E2D051B52AC7}
	EndGlobalSection
EndGlobal
