
Microsoft Visual Studio Solution File, Format Version 12.00
# Visual Studio Version 17
VisualStudioVersion = 17.13.35825.156 d17.13
MinimumVisualStudioVersion = 10.0.40219.1
Project("{FAE04EC0-301F-11D3-BF4B-00C04F79EFBC}") = "Lab4_2", "Lab4_2.csproj", "{1398B01F-8A1A-44FE-B39C-E121A3988111}"
EndProject
Global
	GlobalSection(SolutionConfigurationPlatforms) = preSolution
		Debug|Any CPU = Debug|Any CPU
		Release|Any CPU = Release|Any CPU
	EndGlobalSection
	GlobalSection(ProjectConfigurationPlatforms) = postSolution
		{1398B01F-8A1A-44FE-B39C-E121A3988111}.Debug|Any CPU.ActiveCfg = Debug|Any CPU
		{1398B01F-8A1A-44FE-B39C-E121A3988111}.Debug|Any CPU.Build.0 = Debug|Any CPU
		{1398B01F-8A1A-44FE-B39C-E121A3988111}.Release|Any CPU.ActiveCfg = Release|Any CPU
		{1398B01F-8A1A-44FE-B39C-E121A3988111}.Release|Any CPU.Build.0 = Release|Any CPU
	EndGlobalSection
	GlobalSection(SolutionProperties) = preSolution
		HideSolutionNode = FALSE
	EndGlobalSection
	GlobalSection(ExtensibilityGlobals) = postSolution
		SolutionGuid = {C51CCB04-3D7E-408E-995A-CECBED00AEE1}
	EndGlobalSection
EndGlobal
