
Microsoft Visual Studio Solution File, Format Version 12.00
# Visual Studio Version 17
VisualStudioVersion = 17.13.35825.156 d17.13
MinimumVisualStudioVersion = 10.0.40219.1
Project("{FAE04EC0-301F-11D3-BF4B-00C04F79EFBC}") = "Lab_9", "Lab_9.csproj", "{A1B65D52-0992-4712-B9B7-EB843924630F}"
EndProject
Global
	GlobalSection(SolutionConfigurationPlatforms) = preSolution
		Debug|Any CPU = Debug|Any CPU
		Release|Any CPU = Release|Any CPU
	EndGlobalSection
	GlobalSection(ProjectConfigurationPlatforms) = postSolution
		{A1B65D52-0992-4712-B9B7-EB843924630F}.Debug|Any CPU.ActiveCfg = Debug|Any CPU
		{A1B65D52-0992-4712-B9B7-EB843924630F}.Debug|Any CPU.Build.0 = Debug|Any CPU
		{A1B65D52-0992-4712-B9B7-EB843924630F}.Release|Any CPU.ActiveCfg = Release|Any CPU
		{A1B65D52-0992-4712-B9B7-EB843924630F}.Release|Any CPU.Build.0 = Release|Any CPU
	EndGlobalSection
	GlobalSection(SolutionProperties) = preSolution
		HideSolutionNode = FALSE
	EndGlobalSection
	GlobalSection(ExtensibilityGlobals) = postSolution
		SolutionGuid = {355FD79E-E259-4365-AFCA-38D4E4087C46}
	EndGlobalSection
EndGlobal
