
Microsoft Visual Studio Solution File, Format Version 12.00
# Visual Studio Version 17
VisualStudioVersion = 17.11.35208.52
MinimumVisualStudioVersion = 10.0.40219.1
Project("{888888A0-9F3D-457C-B088-3A5042F75D52}") = "Ex_2", "Ex_2.pyproj", "{187F7E10-119C-4FFB-8F04-CA933ACB331D}"
EndProject
Global
	GlobalSection(SolutionConfigurationPlatforms) = preSolution
		Debug|Any CPU = Debug|Any CPU
		Release|Any CPU = Release|Any CPU
	EndGlobalSection
	GlobalSection(ProjectConfigurationPlatforms) = postSolution
		{187F7E10-119C-4FFB-8F04-CA933ACB331D}.Debug|Any CPU.ActiveCfg = Debug|Any CPU
		{187F7E10-119C-4FFB-8F04-CA933ACB331D}.Release|Any CPU.ActiveCfg = Release|Any CPU
	EndGlobalSection
	GlobalSection(SolutionProperties) = preSolution
		HideSolutionNode = FALSE
	EndGlobalSection
	GlobalSection(ExtensibilityGlobals) = postSolution
		SolutionGuid = {9CE8164D-F997-491E-91C2-4E92A89A30DF}
	EndGlobalSection
EndGlobal
