
Microsoft Visual Studio Solution File, Format Version 12.00
# Visual Studio Version 17
VisualStudioVersion = 17.11.35208.52
MinimumVisualStudioVersion = 10.0.40219.1
Project("{8BC9CEB8-8B4A-11D0-8D11-00A0C91BC942}") = "Example_Project", "Example_Project.vcxproj", "{043D5910-971B-4EC4-8B81-32D0338243EB}"
EndProject
Global
	GlobalSection(SolutionConfigurationPlatforms) = preSolution
		Debug|x64 = Debug|x64
		Debug|x86 = Debug|x86
		Release|x64 = Release|x64
		Release|x86 = Release|x86
	EndGlobalSection
	GlobalSection(ProjectConfigurationPlatforms) = postSolution
		{043D5910-971B-4EC4-8B81-32D0338243EB}.Debug|x64.ActiveCfg = Debug|x64
		{043D5910-971B-4EC4-8B81-32D0338243EB}.Debug|x64.Build.0 = Debug|x64
		{043D5910-971B-4EC4-8B81-32D0338243EB}.Debug|x86.ActiveCfg = Debug|Win32
		{043D5910-971B-4EC4-8B81-32D0338243EB}.Debug|x86.Build.0 = Debug|Win32
		{043D5910-971B-4EC4-8B81-32D0338243EB}.Release|x64.ActiveCfg = Release|x64
		{043D5910-971B-4EC4-8B81-32D0338243EB}.Release|x64.Build.0 = Release|x64
		{043D5910-971B-4EC4-8B81-32D0338243EB}.Release|x86.ActiveCfg = Release|Win32
		{043D5910-971B-4EC4-8B81-32D0338243EB}.Release|x86.Build.0 = Release|Win32
	EndGlobalSection
	GlobalSection(SolutionProperties) = preSolution
		HideSolutionNode = FALSE
	EndGlobalSection
	GlobalSection(ExtensibilityGlobals) = postSolution
		SolutionGuid = {0932C520-F226-4F12-8E01-6CCCE929493C}
	EndGlobalSection
EndGlobal
