
Microsoft Visual Studio Solution File, Format Version 12.00
# Visual Studio Version 17
VisualStudioVersion = 17.13.35825.156 d17.13
MinimumVisualStudioVersion = 10.0.40219.1
Project("{FAE04EC0-301F-11D3-BF4B-00C04F79EFBC}") = "Lab_11", "Lab_11.csproj", "{C984A0A1-2535-4FB9-B2C1-6DD14E2C9977}"
EndProject
Global
	GlobalSection(SolutionConfigurationPlatforms) = preSolution
		Debug|Any CPU = Debug|Any CPU
		Release|Any CPU = Release|Any CPU
	EndGlobalSection
	GlobalSection(ProjectConfigurationPlatforms) = postSolution
		{C984A0A1-2535-4FB9-B2C1-6DD14E2C9977}.Debug|Any CPU.ActiveCfg = Debug|Any CPU
		{C984A0A1-2535-4FB9-B2C1-6DD14E2C9977}.Debug|Any CPU.Build.0 = Debug|Any CPU
		{C984A0A1-2535-4FB9-B2C1-6DD14E2C9977}.Release|Any CPU.ActiveCfg = Release|Any CPU
		{C984A0A1-2535-4FB9-B2C1-6DD14E2C9977}.Release|Any CPU.Build.0 = Release|Any CPU
	EndGlobalSection
	GlobalSection(SolutionProperties) = preSolution
		HideSolutionNode = FALSE
	EndGlobalSection
	GlobalSection(ExtensibilityGlobals) = postSolution
		SolutionGuid = {EC0A1CB0-B2DF-40B6-9EC2-2484A3984006}
	EndGlobalSection
EndGlobal
